// !$*UTF8*$!
{
	archiveVersion = 1;
	classes = {
	};
	objectVersion = 46;
	objects = {

/* Begin PBXBuildFile section */
		ED0480791BC4F2910059EA71 /* main.m in Sources */ = {isa = PBXBuildFile; fileRef = ED0480781BC4F2910059EA71 /* main.m */; };
		ED04807C1BC4F2910059EA71 /* AppDelegate.m in Sources */ = {isa = PBXBuildFile; fileRef = ED04807B1BC4F2910059EA71 /* AppDelegate.m */; };
		ED04807F1BC4F2910059EA71 /* GameScene.m in Sources */ = {isa = PBXBuildFile; fileRef = ED04807E1BC4F2910059EA71 /* GameScene.m */; };
		ED0480841BC4F2910059EA71 /* GameViewController.m in Sources */ = {isa = PBXBuildFile; fileRef = ED0480831BC4F2910059EA71 /* GameViewController.m */; };
		ED0480871BC4F2910059EA71 /* Main.storyboard in Resources */ = {isa = PBXBuildFile; fileRef = ED0480851BC4F2910059EA71 /* Main.storyboard */; };
		ED0480891BC4F2910059EA71 /* Assets.xcassets in Resources */ = {isa = PBXBuildFile; fileRef = ED0480881BC4F2910059EA71 /* Assets.xcassets */; };
		ED04808C1BC4F2910059EA71 /* LaunchScreen.storyboard in Resources */ = {isa = PBXBuildFile; fileRef = ED04808A1BC4F2910059EA71 /* LaunchScreen.storyboard */; };
		ED0480971BC4F2910059EA71 /* FlappyBirdCloneTests.m in Sources */ = {isa = PBXBuildFile; fileRef = ED0480961BC4F2910059EA71 /* FlappyBirdCloneTests.m */; };
		ED0480A21BC4F2910059EA71 /* FlappyBirdCloneUITests.m in Sources */ = {isa = PBXBuildFile; fileRef = ED0480A11BC4F2910059EA71 /* FlappyBirdCloneUITests.m */; };
		ED9F7D2F1BC6D8CD0096BDE9 /* README.md in Resources */ = {isa = PBXBuildFile; fileRef = ED9F7D2E1BC6D8CD0096BDE9 /* README.md */; settings = {ASSET_TAGS = (); }; };
		ED9F7D311BC6DB490096BDE9 /* .gitignore in Resources */ = {isa = PBXBuildFile; fileRef = ED9F7D301BC6DB490096BDE9 /* .gitignore */; settings = {ASSET_TAGS = (); }; };
/* End PBXBuildFile section */

/* Begin PBXContainerItemProxy section */
		ED0480931BC4F2910059EA71 /* PBXContainerItemProxy */ = {
			isa = PBXContainerItemProxy;
			containerPortal = ED04806C1BC4F2910059EA71 /* Project object */;
			proxyType = 1;
			remoteGlobalIDString = ED0480731BC4F2910059EA71;
			remoteInfo = FlappyBirdClone;
		};
		ED04809E1BC4F2910059EA71 /* PBXContainerItemProxy */ = {
			isa = PBXContainerItemProxy;
			containerPortal = ED04806C1BC4F2910059EA71 /* Project object */;
			proxyType = 1;
			remoteGlobalIDString = ED0480731BC4F2910059EA71;
			remoteInfo = FlappyBirdClone;
		};
/* End PBXContainerItemProxy section */

/* Begin PBXFileReference section */
		ED0480741BC4F2910059EA71 /* Flappy Square.app */ = {isa = PBXFileReference; explicitFileType = wrapper.application; includeInIndex = 0; path = "Flappy Square.app"; sourceTree = BUILT_PRODUCTS_DIR; };
		ED0480781BC4F2910059EA71 /* main.m */ = {isa = PBXFileReference; lastKnownFileType = sourcecode.c.objc; path = main.m; sourceTree = "<group>"; };
		ED04807A1BC4F2910059EA71 /* AppDelegate.h */ = {isa = PBXFileReference; lastKnownFileType = sourcecode.c.h; path = AppDelegate.h; sourceTree = "<group>"; };
		ED04807B1BC4F2910059EA71 /* AppDelegate.m */ = {isa = PBXFileReference; lastKnownFileType = sourcecode.c.objc; path = AppDelegate.m; sourceTree = "<group>"; };
		ED04807D1BC4F2910059EA71 /* GameScene.h */ = {isa = PBXFileReference; lastKnownFileType = sourcecode.c.h; path = GameScene.h; sourceTree = "<group>"; };
		ED04807E1BC4F2910059EA71 /* GameScene.m */ = {isa = PBXFileReference; lastKnownFileType = sourcecode.c.objc; path = GameScene.m; sourceTree = "<group>"; };
		ED0480821BC4F2910059EA71 /* GameViewController.h */ = {isa = PBXFileReference; lastKnownFileType = sourcecode.c.h; path = GameViewController.h; sourceTree = "<group>"; };
		ED0480831BC4F2910059EA71 /* GameViewController.m */ = {isa = PBXFileReference; lastKnownFileType = sourcecode.c.objc; path = GameViewController.m; sourceTree = "<group>"; };
		ED0480861BC4F2910059EA71 /* Base */ = {isa = PBXFileReference; lastKnownFileType = file.storyboard; name = Base; path = Base.lproj/Main.storyboard; sourceTree = "<group>"; };
		ED0480881BC4F2910059EA71 /* Assets.xcassets */ = {isa = PBXFileReference; lastKnownFileType = folder.assetcatalog; path = Assets.xcassets; sourceTree = "<group>"; };
		ED04808B1BC4F2910059EA71 /* Base */ = {isa = PBXFileReference; lastKnownFileType = file.storyboard; name = Base; path = Base.lproj/LaunchScreen.storyboard; sourceTree = "<group>"; };
		ED04808D1BC4F2910059EA71 /* Info.plist */ = {isa = PBXFileReference; lastKnownFileType = text.plist.xml; path = Info.plist; sourceTree = "<group>"; };
		ED0480921BC4F2910059EA71 /* Flappy Square.xctest */ = {isa = PBXFileReference; explicitFileType = wrapper.cfbundle; includeInIndex = 0; path = "Flappy Square.xctest"; sourceTree = BUILT_PRODUCTS_DIR; };
		ED0480961BC4F2910059EA71 /* FlappyBirdCloneTests.m */ = {isa = PBXFileReference; lastKnownFileType = sourcecode.c.objc; path = FlappyBirdCloneTests.m; sourceTree = "<group>"; };
		ED0480981BC4F2910059EA71 /* Info.plist */ = {isa = PBXFileReference; lastKnownFileType = text.plist.xml; path = Info.plist; sourceTree = "<group>"; };
		ED04809D1BC4F2910059EA71 /* Flappy Square.xctest */ = {isa = PBXFileReference; explicitFileType = wrapper.cfbundle; includeInIndex = 0; path = "Flappy Square.xctest"; sourceTree = BUILT_PRODUCTS_DIR; };
		ED0480A11BC4F2910059EA71 /* FlappyBirdCloneUITests.m */ = {isa = PBXFileReference; lastKnownFileType = sourcecode.c.objc; path = FlappyBirdCloneUITests.m; sourceTree = "<group>"; };
		ED0480A31BC4F2910059EA71 /* Info.plist */ = {isa = PBXFileReference; lastKnownFileType = text.plist.xml; path = Info.plist; sourceTree = "<group>"; };
		ED9F7D2E1BC6D8CD0096BDE9 /* README.md */ = {isa = PBXFileReference; fileEncoding = 4; lastKnownFileType = net.daringfireball.markdown; path = README.md; sourceTree = "<group>"; };
		ED9F7D301BC6DB490096BDE9 /* .gitignore */ = {isa = PBXFileReference; fileEncoding = 4; lastKnownFileType = text; path = .gitignore; sourceTree = "<group>"; };
/* End PBXFileReference section */

/* Begin PBXFrameworksBuildPhase section */
		ED0480711BC4F2910059EA71 /* Frameworks */ = {
			isa = PBXFrameworksBuildPhase;
			buildActionMask = 2147483647;
			files = (
			);
			runOnlyForDeploymentPostprocessing = 0;
		};
		ED04808F1BC4F2910059EA71 /* Frameworks */ = {
			isa = PBXFrameworksBuildPhase;
			buildActionMask = 2147483647;
			files = (
			);
			runOnlyForDeploymentPostprocessing = 0;
		};
		ED04809A1BC4F2910059EA71 /* Frameworks */ = {
			isa = PBXFrameworksBuildPhase;
			buildActionMask = 2147483647;
			files = (
			);
			runOnlyForDeploymentPostprocessing = 0;
		};
/* End PBXFrameworksBuildPhase section */

/* Begin PBXGroup section */
		ED04806B1BC4F2910059EA71 = {
			isa = PBXGroup;
			children = (
				ED9F7D301BC6DB490096BDE9 /* .gitignore */,
				ED9F7D2E1BC6D8CD0096BDE9 /* README.md */,
				ED0480761BC4F2910059EA71 /* FlappyBirdTest */,
				ED0480951BC4F2910059EA71 /* FlappyBirdCloneTests */,
				ED0480A01BC4F2910059EA71 /* FlappyBirdCloneUITests */,
				ED0480751BC4F2910059EA71 /* Products */,
			);
			sourceTree = "<group>";
		};
		ED0480751BC4F2910059EA71 /* Products */ = {
			isa = PBXGroup;
			children = (
				ED0480741BC4F2910059EA71 /* Flappy Square.app */,
				ED0480921BC4F2910059EA71 /* Flappy Square.xctest */,
				ED04809D1BC4F2910059EA71 /* Flappy Square.xctest */,
			);
			name = Products;
			sourceTree = "<group>";
		};
		ED0480761BC4F2910059EA71 /* FlappyBirdTest */ = {
			isa = PBXGroup;
			children = (
				ED04807A1BC4F2910059EA71 /* AppDelegate.h */,
				ED04807B1BC4F2910059EA71 /* AppDelegate.m */,
				ED04807D1BC4F2910059EA71 /* GameScene.h */,
				ED04807E1BC4F2910059EA71 /* GameScene.m */,
				ED0480821BC4F2910059EA71 /* GameViewController.h */,
				ED0480831BC4F2910059EA71 /* GameViewController.m */,
				ED0480851BC4F2910059EA71 /* Main.storyboard */,
				ED0480881BC4F2910059EA71 /* Assets.xcassets */,
				ED04808A1BC4F2910059EA71 /* LaunchScreen.storyboard */,
				ED04808D1BC4F2910059EA71 /* Info.plist */,
				ED0480771BC4F2910059EA71 /* Supporting Files */,
			);
			path = FlappyBirdTest;
			sourceTree = "<group>";
		};
		ED0480771BC4F2910059EA71 /* Supporting Files */ = {
			isa = PBXGroup;
			children = (
				ED0480781BC4F2910059EA71 /* main.m */,
			);
			name = "Supporting Files";
			sourceTree = "<group>";
		};
		ED0480951BC4F2910059EA71 /* FlappyBirdCloneTests */ = {
			isa = PBXGroup;
			children = (
				ED0480961BC4F2910059EA71 /* FlappyBirdCloneTests.m */,
				ED0480981BC4F2910059EA71 /* Info.plist */,
			);
			path = FlappyBirdCloneTests;
			sourceTree = "<group>";
		};
		ED0480A01BC4F2910059EA71 /* FlappyBirdCloneUITests */ = {
			isa = PBXGroup;
			children = (
				ED0480A11BC4F2910059EA71 /* FlappyBirdCloneUITests.m */,
				ED0480A31BC4F2910059EA71 /* Info.plist */,
			);
			path = FlappyBirdCloneUITests;
			sourceTree = "<group>";
		};
/* End PBXGroup section */

/* Begin PBXNativeTarget section */
		ED0480731BC4F2910059EA71 /* Flappy Square */ = {
			isa = PBXNativeTarget;
			buildConfigurationList = ED0480A61BC4F2910059EA71 /* Build configuration list for PBXNativeTarget "Flappy Square" */;
			buildPhases = (
				ED0480701BC4F2910059EA71 /* Sources */,
				ED0480711BC4F2910059EA71 /* Frameworks */,
				ED0480721BC4F2910059EA71 /* Resources */,
			);
			buildRules = (
			);
			dependencies = (
			);
			name = "Flappy Square";
			productName = FlappyBirdClone;
			productReference = ED0480741BC4F2910059EA71 /* Flappy Square.app */;
			productType = "com.apple.product-type.application";
		};
		ED0480911BC4F2910059EA71 /* Flappy SquareTests */ = {
			isa = PBXNativeTarget;
			buildConfigurationList = ED0480A91BC4F2910059EA71 /* Build configuration list for PBXNativeTarget "Flappy SquareTests" */;
			buildPhases = (
				ED04808E1BC4F2910059EA71 /* Sources */,
				ED04808F1BC4F2910059EA71 /* Frameworks */,
				ED0480901BC4F2910059EA71 /* Resources */,
			);
			buildRules = (
			);
			dependencies = (
				ED0480941BC4F2910059EA71 /* PBXTargetDependency */,
			);
			name = "Flappy SquareTests";
			productName = FlappyBirdCloneTests;
			productReference = ED0480921BC4F2910059EA71 /* Flappy Square.xctest */;
			productType = "com.apple.product-type.bundle.unit-test";
		};
		ED04809C1BC4F2910059EA71 /* Flappy SquareUITests */ = {
			isa = PBXNativeTarget;
			buildConfigurationList = ED0480AC1BC4F2910059EA71 /* Build configuration list for PBXNativeTarget "Flappy SquareUITests" */;
			buildPhases = (
				ED0480991BC4F2910059EA71 /* Sources */,
				ED04809A1BC4F2910059EA71 /* Frameworks */,
				ED04809B1BC4F2910059EA71 /* Resources */,
			);
			buildRules = (
			);
			dependencies = (
				ED04809F1BC4F2910059EA71 /* PBXTargetDependency */,
			);
			name = "Flappy SquareUITests";
			productName = FlappyBirdCloneUITests;
			productReference = ED04809D1BC4F2910059EA71 /* Flappy Square.xctest */;
			productType = "com.apple.product-type.bundle.ui-testing";
		};
/* End PBXNativeTarget section */

/* Begin PBXProject section */
		ED04806C1BC4F2910059EA71 /* Project object */ = {
			isa = PBXProject;
			attributes = {
				LastUpgradeCheck = 0700;
				ORGANIZATIONNAME = "Romain Fillaudeau";
				TargetAttributes = {
					ED0480731BC4F2910059EA71 = {
						CreatedOnToolsVersion = 7.0.1;
						DevelopmentTeam = RF9BGB2EKT;
					};
					ED0480911BC4F2910059EA71 = {
						CreatedOnToolsVersion = 7.0.1;
						TestTargetID = ED0480731BC4F2910059EA71;
					};
					ED04809C1BC4F2910059EA71 = {
						CreatedOnToolsVersion = 7.0.1;
						TestTargetID = ED0480731BC4F2910059EA71;
					};
				};
			};
			buildConfigurationList = ED04806F1BC4F2910059EA71 /* Build configuration list for PBXProject "Flappy Square" */;
			compatibilityVersion = "Xcode 3.2";
			developmentRegion = English;
			hasScannedForEncodings = 0;
			knownRegions = (
				en,
				Base,
			);
			mainGroup = ED04806B1BC4F2910059EA71;
			productRefGroup = ED0480751BC4F2910059EA71 /* Products */;
			projectDirPath = "";
			projectRoot = "";
			targets = (
				ED0480731BC4F2910059EA71 /* Flappy Square */,
				ED0480911BC4F2910059EA71 /* Flappy SquareTests */,
				ED04809C1BC4F2910059EA71 /* Flappy SquareUITests */,
			);
		};
/* End PBXProject section */

/* Begin PBXResourcesBuildPhase section */
		ED0480721BC4F2910059EA71 /* Resources */ = {
			isa = PBXResourcesBuildPhase;
			buildActionMask = 2147483647;
			files = (
				ED9F7D311BC6DB490096BDE9 /* .gitignore in Resources */,
				ED9F7D2F1BC6D8CD0096BDE9 /* README.md in Resources */,
				ED04808C1BC4F2910059EA71 /* LaunchScreen.storyboard in Resources */,
				ED0480891BC4F2910059EA71 /* Assets.xcassets in Resources */,
				ED0480871BC4F2910059EA71 /* Main.storyboard in Resources */,
			);
			runOnlyForDeploymentPostprocessing = 0;
		};
		ED0480901BC4F2910059EA71 /* Resources */ = {
			isa = PBXResourcesBuildPhase;
			buildActionMask = 2147483647;
			files = (
			);
			runOnlyForDeploymentPostprocessing = 0;
		};
		ED04809B1BC4F2910059EA71 /* Resources */ = {
			isa = PBXResourcesBuildPhase;
			buildActionMask = 2147483647;
			files = (
			);
			runOnlyForDeploymentPostprocessing = 0;
		};
/* End PBXResourcesBuildPhase section */

/* Begin PBXSourcesBuildPhase section */
		ED0480701BC4F2910059EA71 /* Sources */ = {
			isa = PBXSourcesBuildPhase;
			buildActionMask = 2147483647;
			files = (
				ED0480841BC4F2910059EA71 /* GameViewController.m in Sources */,
				ED04807C1BC4F2910059EA71 /* AppDelegate.m in Sources */,
				ED04807F1BC4F2910059EA71 /* GameScene.m in Sources */,
				ED0480791BC4F2910059EA71 /* main.m in Sources */,
			);
			runOnlyForDeploymentPostprocessing = 0;
		};
		ED04808E1BC4F2910059EA71 /* Sources */ = {
			isa = PBXSourcesBuildPhase;
			buildActionMask = 2147483647;
			files = (
				ED0480971BC4F2910059EA71 /* FlappyBirdCloneTests.m in Sources */,
			);
			runOnlyForDeploymentPostprocessing = 0;
		};
		ED0480991BC4F2910059EA71 /* Sources */ = {
			isa = PBXSourcesBuildPhase;
			buildActionMask = 2147483647;
			files = (
				ED0480A21BC4F2910059EA71 /* FlappyBirdCloneUITests.m in Sources */,
			);
			runOnlyForDeploymentPostprocessing = 0;
		};
/* End PBXSourcesBuildPhase section */

/* Begin PBXTargetDependency section */
		ED0480941BC4F2910059EA71 /* PBXTargetDependency */ = {
			isa = PBXTargetDependency;
			target = ED0480731BC4F2910059EA71 /* Flappy Square */;
			targetProxy = ED0480931BC4F2910059EA71 /* PBXContainerItemProxy */;
		};
		ED04809F1BC4F2910059EA71 /* PBXTargetDependency */ = {
			isa = PBXTargetDependency;
			target = ED0480731BC4F2910059EA71 /* Flappy Square */;
			targetProxy = ED04809E1BC4F2910059EA71 /* PBXContainerItemProxy */;
		};
/* End PBXTargetDependency section */

/* Begin PBXVariantGroup section */
		ED0480851BC4F2910059EA71 /* Main.storyboard */ = {
			isa = PBXVariantGroup;
			children = (
				ED0480861BC4F2910059EA71 /* Base */,
			);
			name = Main.storyboard;
			sourceTree = "<group>";
		};
		ED04808A1BC4F2910059EA71 /* LaunchScreen.storyboard */ = {
			isa = PBXVariantGroup;
			children = (
				ED04808B1BC4F2910059EA71 /* Base */,
			);
			name = LaunchScreen.storyboard;
			sourceTree = "<group>";
		};
/* End PBXVariantGroup section */

/* Begin XCBuildConfiguration section */
		ED0480A41BC4F2910059EA71 /* Debug */ = {
			isa = XCBuildConfiguration;
			buildSettings = {
				ALWAYS_SEARCH_USER_PATHS = NO;
				CLANG_CXX_LANGUAGE_STANDARD = "gnu++0x";
				CLANG_CXX_LIBRARY = "libc++";
				CLANG_ENABLE_MODULES = YES;
				CLANG_ENABLE_OBJC_ARC = YES;
				CLANG_WARN_BOOL_CONVERSION = YES;
				CLANG_WARN_CONSTANT_CONVERSION = YES;
				CLANG_WARN_DIRECT_OBJC_ISA_USAGE = YES_ERROR;
				CLANG_WARN_EMPTY_BODY = YES;
				CLANG_WARN_ENUM_CONVERSION = YES;
				CLANG_WARN_INT_CONVERSION = YES;
				CLANG_WARN_OBJC_ROOT_CLASS = YES_ERROR;
				CLANG_WARN_UNREACHABLE_CODE = YES;
				CLANG_WARN__DUPLICATE_METHOD_MATCH = YES;
				"CODE_SIGN_IDENTITY[sdk=iphoneos*]" = "iPhone Developer";
				COPY_PHASE_STRIP = NO;
				DEBUG_INFORMATION_FORMAT = "dwarf-with-dsym";
				ENABLE_STRICT_OBJC_MSGSEND = YES;
				ENABLE_TESTABILITY = YES;
				GCC_C_LANGUAGE_STANDARD = gnu99;
				GCC_DYNAMIC_NO_PIC = NO;
				GCC_NO_COMMON_BLOCKS = YES;
				GCC_OPTIMIZATION_LEVEL = 0;
				GCC_PREPROCESSOR_DEFINITIONS = (
					"DEBUG=1",
					"$(inherited)",
				);
				GCC_WARN_64_TO_32_BIT_CONVERSION = YES;
				GCC_WARN_ABOUT_RETURN_TYPE = YES_ERROR;
				GCC_WARN_UNDECLARED_SELECTOR = YES;
				GCC_WARN_UNINITIALIZED_AUTOS = YES_AGGRESSIVE;
				GCC_WARN_UNUSED_FUNCTION = YES;
				GCC_WARN_UNUSED_VARIABLE = YES;
				IPHONEOS_DEPLOYMENT_TARGET = 9.0;
				MTL_ENABLE_DEBUG_INFO = YES;
				ONLY_ACTIVE_ARCH = YES;
				SDKROOT = iphoneos;
				TARGETED_DEVICE_FAMILY = "1,2";
			};
			name = Debug;
		};
		ED0480A51BC4F2910059EA71 /* Release */ = {
			isa = XCBuildConfiguration;
			buildSettings = {
				ALWAYS_SEARCH_USER_PATHS = NO;
				CLANG_CXX_LANGUAGE_STANDARD = "gnu++0x";
				CLANG_CXX_LIBRARY = "libc++";
				CLANG_ENABLE_MODULES = YES;
				CLANG_ENABLE_OBJC_ARC = YES;
				CLANG_WARN_BOOL_CONVERSION = YES;
				CLANG_WARN_CONSTANT_CONVERSION = YES;
				CLANG_WARN_DIRECT_OBJC_ISA_USAGE = YES_ERROR;
				CLANG_WARN_EMPTY_BODY = YES;
				CLANG_WARN_ENUM_CONVERSION = YES;
				CLANG_WARN_INT_CONVERSION = YES;
				CLANG_WARN_OBJC_ROOT_CLASS = YES_ERROR;
				CLANG_WARN_UNREACHABLE_CODE = YES;
				CLANG_WARN__DUPLICATE_METHOD_MATCH = YES;
				"CODE_SIGN_IDENTITY[sdk=iphoneos*]" = "iPhone Developer";
				COPY_PHASE_STRIP = NO;
				DEBUG_INFORMATION_FORMAT = "dwarf-with-dsym";
				ENABLE_NS_ASSERTIONS = NO;
				ENABLE_STRICT_OBJC_MSGSEND = YES;
				GCC_C_LANGUAGE_STANDARD = gnu99;
				GCC_NO_COMMON_BLOCKS = YES;
				GCC_WARN_64_TO_32_BIT_CONVERSION = YES;
				GCC_WARN_ABOUT_RETURN_TYPE = YES_ERROR;
				GCC_WARN_UNDECLARED_SELECTOR = YES;
				GCC_WARN_UNINITIALIZED_AUTOS = YES_AGGRESSIVE;
				GCC_WARN_UNUSED_FUNCTION = YES;
				GCC_WARN_UNUSED_VARIABLE = YES;
				IPHONEOS_DEPLOYMENT_TARGET = 9.0;
				MTL_ENABLE_DEBUG_INFO = NO;
				SDKROOT = iphoneos;
				TARGETED_DEVICE_FAMILY = "1,2";
				VALIDATE_PRODUCT = YES;
			};
			name = Release;
		};
		ED0480A71BC4F2910059EA71 /* Debug */ = {
			isa = XCBuildConfiguration;
			buildSettings = {
				ASSETCATALOG_COMPILER_APPICON_NAME = AppIcon;
				CODE_SIGN_IDENTITY = "iPhone Developer";
				"CODE_SIGN_IDENTITY[sdk=iphoneos*]" = "iPhone Developer";
				INFOPLIST_FILE = "$(SRCROOT)/FlappyBirdTest/Info.plist";
				LD_RUNPATH_SEARCH_PATHS = "$(inherited) @executable_path/Frameworks";
				PRODUCT_BUNDLE_IDENTIFIER = com.github.madplus.flappysquare;
				PRODUCT_NAME = "Flappy Square";
				PROVISIONING_PROFILE = "";
			};
			name = Debug;
		};
		ED0480A81BC4F2910059EA71 /* Release */ = {
			isa = XCBuildConfiguration;
			buildSettings = {
				ASSETCATALOG_COMPILER_APPICON_NAME = AppIcon;
				CODE_SIGN_IDENTITY = "iPhone Developer";
				"CODE_SIGN_IDENTITY[sdk=iphoneos*]" = "iPhone Developer";
				INFOPLIST_FILE = "$(SRCROOT)/FlappyBirdTest/Info.plist";
				LD_RUNPATH_SEARCH_PATHS = "$(inherited) @executable_path/Frameworks";
				PRODUCT_BUNDLE_IDENTIFIER = com.github.madplus.flappysquare;
				PRODUCT_NAME = "Flappy Square";
				PROVISIONING_PROFILE = "";
			};
			name = Release;
		};
		ED0480AA1BC4F2910059EA71 /* Debug */ = {
			isa = XCBuildConfiguration;
			buildSettings = {
				BUNDLE_LOADER = "$(TEST_HOST)";
				DEBUG_INFORMATION_FORMAT = dwarf;
				INFOPLIST_FILE = FlappyBirdCloneTests/Info.plist;
				LD_RUNPATH_SEARCH_PATHS = "$(inherited) @executable_path/Frameworks @loader_path/Frameworks";
				PRODUCT_BUNDLE_IDENTIFIER = com.test.FlappyBirdCloneTests;
				PRODUCT_NAME = "Flappy Square";
				TEST_HOST = "$(BUILT_PRODUCTS_DIR)/Flappy Square.app/Flappy Square";
			};
			name = Debug;
		};
		ED0480AB1BC4F2910059EA71 /* Release */ = {
			isa = XCBuildConfiguration;
			buildSettings = {
				BUNDLE_LOADER = "$(TEST_HOST)";
				INFOPLIST_FILE = FlappyBirdCloneTests/Info.plist;
				LD_RUNPATH_SEARCH_PATHS = "$(inherited) @executable_path/Frameworks @loader_path/Frameworks";
				PRODUCT_BUNDLE_IDENTIFIER = com.test.FlappyBirdCloneTests;
				PRODUCT_NAME = "Flappy Square";
				TEST_HOST = "$(BUILT_PRODUCTS_DIR)/Flappy Square.app/Flappy Square";
			};
			name = Release;
		};
		ED0480AD1BC4F2910059EA71 /* Debug */ = {
			isa = XCBuildConfiguration;
			buildSettings = {
				DEBUG_INFORMATION_FORMAT = dwarf;
				INFOPLIST_FILE = FlappyBirdCloneUITests/Info.plist;
				LD_RUNPATH_SEARCH_PATHS = "$(inherited) @executable_path/Frameworks @loader_path/Frameworks";
				PRODUCT_BUNDLE_IDENTIFIER = com.test.FlappyBirdCloneUITests;
				PRODUCT_NAME = "Flappy Square";
				TEST_TARGET_NAME = FlappyBirdClone;
				USES_XCTRUNNER = YES;
			};
			name = Debug;
		};
		ED0480AE1BC4F2910059EA71 /* Release */ = {
			isa = XCBuildConfiguration;
			buildSettings = {
				INFOPLIST_FILE = FlappyBirdCloneUITests/Info.plist;
				LD_RUNPATH_SEARCH_PATHS = "$(inherited) @executable_path/Frameworks @loader_path/Frameworks";
				PRODUCT_BUNDLE_IDENTIFIER = com.test.FlappyBirdCloneUITests;
				PRODUCT_NAME = "Flappy Square";
				TEST_TARGET_NAME = FlappyBirdClone;
				USES_XCTRUNNER = YES;
			};
			name = Release;
		};
/* End XCBuildConfiguration section */

/* Begin XCConfigurationList section */
		ED04806F1BC4F2910059EA71 /* Build configuration list for PBXProject "Flappy Square" */ = {
			isa = XCConfigurationList;
			buildConfigurations = (
				ED0480A41BC4F2910059EA71 /* Debug */,
				ED0480A51BC4F2910059EA71 /* Release */,
			);
			defaultConfigurationIsVisible = 0;
			defaultConfigurationName = Release;
		};
		ED0480A61BC4F2910059EA71 /* Build configuration list for PBXNativeTarget "Flappy Square" */ = {
			isa = XCConfigurationList;
			buildConfigurations = (
				ED0480A71BC4F2910059EA71 /* Debug */,
				ED0480A81BC4F2910059EA71 /* Release */,
			);
			defaultConfigurationIsVisible = 0;
			defaultConfigurationName = Release;
		};
		ED0480A91BC4F2910059EA71 /* Build configuration list for PBXNativeTarget "Flappy SquareTests" */ = {
			isa = XCConfigurationList;
			buildConfigurations = (
				ED0480AA1BC4F2910059EA71 /* Debug */,
				ED0480AB1BC4F2910059EA71 /* Release */,
			);
			defaultConfigurationIsVisible = 0;
			defaultConfigurationName = Release;
		};
		ED0480AC1BC4F2910059EA71 /* Build configuration list for PBXNativeTarget "Flappy SquareUITests" */ = {
			isa = XCConfigurationList;
			buildConfigurations = (
				ED0480AD1BC4F2910059EA71 /* Debug */,
				ED0480AE1BC4F2910059EA71 /* Release */,
			);
			defaultConfigurationIsVisible = 0;
			defaultConfigurationName = Release;
		};
/* End XCConfigurationList section */
	};
	rootObject = ED04806C1BC4F2910059EA71 /* Project object */;
}
