// !$*UTF8*$!
{
	archiveVersion = 1;
	classes = {
	};
	objectVersion = 46;
	objects = {

/* Begin PBXBuildFile section */
		ED82F4CC1BD17E2100CCEB62 /* main.m in Sources */ = {isa = PBXBuildFile; fileRef = ED82F4CB1BD17E2100CCEB62 /* main.m */; };
		ED82F4CF1BD17E2100CCEB62 /* AppDelegate.m in Sources */ = {isa = PBXBuildFile; fileRef = ED82F4CE1BD17E2100CCEB62 /* AppDelegate.m */; };
		ED82F4D21BD17E2100CCEB62 /* GameScene.m in Sources */ = {isa = PBXBuildFile; fileRef = ED82F4D11BD17E2100CCEB62 /* GameScene.m */; };
		ED82F4D71BD17E2100CCEB62 /* GameViewController.m in Sources */ = {isa = PBXBuildFile; fileRef = ED82F4D61BD17E2100CCEB62 /* GameViewController.m */; };
		ED82F4DA1BD17E2100CCEB62 /* Main.storyboard in Resources */ = {isa = PBXBuildFile; fileRef = ED82F4D81BD17E2100CCEB62 /* Main.storyboard */; };
		ED82F4DC1BD17E2100CCEB62 /* Assets.xcassets in Resources */ = {isa = PBXBuildFile; fileRef = ED82F4DB1BD17E2100CCEB62 /* Assets.xcassets */; };
		ED82F4DF1BD17E2100CCEB62 /* LaunchScreen.storyboard in Resources */ = {isa = PBXBuildFile; fileRef = ED82F4DD1BD17E2100CCEB62 /* LaunchScreen.storyboard */; };
		ED82F4EA1BD17E2100CCEB62 /* Flappy_SquareTests.m in Sources */ = {isa = PBXBuildFile; fileRef = ED82F4E91BD17E2100CCEB62 /* Flappy_SquareTests.m */; };
		ED82F4F51BD17E2100CCEB62 /* Flappy_SquareUITests.m in Sources */ = {isa = PBXBuildFile; fileRef = ED82F4F41BD17E2100CCEB62 /* Flappy_SquareUITests.m */; };
		ED82F5031BD17F8500CCEB62 /* .gitignore in Resources */ = {isa = PBXBuildFile; fileRef = ED82F5021BD17F8500CCEB62 /* .gitignore */; settings = {ASSET_TAGS = (); }; };
		ED82F5051BD17FC000CCEB62 /* README.md in Resources */ = {isa = PBXBuildFile; fileRef = ED82F5041BD17FC000CCEB62 /* README.md */; settings = {ASSET_TAGS = (); }; };
/* End PBXBuildFile section */

/* Begin PBXContainerItemProxy section */
		ED82F4E61BD17E2100CCEB62 /* PBXContainerItemProxy */ = {
			isa = PBXContainerItemProxy;
			containerPortal = ED82F4BF1BD17E2100CCEB62 /* Project object */;
			proxyType = 1;
			remoteGlobalIDString = ED82F4C61BD17E2100CCEB62;
			remoteInfo = "Flappy Square";
		};
		ED82F4F11BD17E2100CCEB62 /* PBXContainerItemProxy */ = {
			isa = PBXContainerItemProxy;
			containerPortal = ED82F4BF1BD17E2100CCEB62 /* Project object */;
			proxyType = 1;
			remoteGlobalIDString = ED82F4C61BD17E2100CCEB62;
			remoteInfo = "Flappy Square";
		};
/* End PBXContainerItemProxy section */

/* Begin PBXFileReference section */
		ED82F4C71BD17E2100CCEB62 /* Flappy Square.app */ = {isa = PBXFileReference; explicitFileType = wrapper.application; includeInIndex = 0; path = "Flappy Square.app"; sourceTree = BUILT_PRODUCTS_DIR; };
		ED82F4CB1BD17E2100CCEB62 /* main.m */ = {isa = PBXFileReference; lastKnownFileType = sourcecode.c.objc; path = main.m; sourceTree = "<group>"; };
		ED82F4CD1BD17E2100CCEB62 /* AppDelegate.h */ = {isa = PBXFileReference; lastKnownFileType = sourcecode.c.h; path = AppDelegate.h; sourceTree = "<group>"; };
		ED82F4CE1BD17E2100CCEB62 /* AppDelegate.m */ = {isa = PBXFileReference; lastKnownFileType = sourcecode.c.objc; path = AppDelegate.m; sourceTree = "<group>"; };
		ED82F4D01BD17E2100CCEB62 /* GameScene.h */ = {isa = PBXFileReference; lastKnownFileType = sourcecode.c.h; path = GameScene.h; sourceTree = "<group>"; };
		ED82F4D11BD17E2100CCEB62 /* GameScene.m */ = {isa = PBXFileReference; lastKnownFileType = sourcecode.c.objc; path = GameScene.m; sourceTree = "<group>"; };
		ED82F4D51BD17E2100CCEB62 /* GameViewController.h */ = {isa = PBXFileReference; lastKnownFileType = sourcecode.c.h; path = GameViewController.h; sourceTree = "<group>"; };
		ED82F4D61BD17E2100CCEB62 /* GameViewController.m */ = {isa = PBXFileReference; lastKnownFileType = sourcecode.c.objc; path = GameViewController.m; sourceTree = "<group>"; };
		ED82F4D91BD17E2100CCEB62 /* Base */ = {isa = PBXFileReference; lastKnownFileType = file.storyboard; name = Base; path = Base.lproj/Main.storyboard; sourceTree = "<group>"; };
		ED82F4DB1BD17E2100CCEB62 /* Assets.xcassets */ = {isa = PBXFileReference; lastKnownFileType = folder.assetcatalog; path = Assets.xcassets; sourceTree = "<group>"; };
		ED82F4DE1BD17E2100CCEB62 /* Base */ = {isa = PBXFileReference; lastKnownFileType = file.storyboard; name = Base; path = Base.lproj/LaunchScreen.storyboard; sourceTree = "<group>"; };
		ED82F4E01BD17E2100CCEB62 /* Info.plist */ = {isa = PBXFileReference; lastKnownFileType = text.plist.xml; path = Info.plist; sourceTree = "<group>"; };
		ED82F4E51BD17E2100CCEB62 /* Flappy SquareTests.xctest */ = {isa = PBXFileReference; explicitFileType = wrapper.cfbundle; includeInIndex = 0; path = "Flappy SquareTests.xctest"; sourceTree = BUILT_PRODUCTS_DIR; };
		ED82F4E91BD17E2100CCEB62 /* Flappy_SquareTests.m */ = {isa = PBXFileReference; lastKnownFileType = sourcecode.c.objc; path = Flappy_SquareTests.m; sourceTree = "<group>"; };
		ED82F4EB1BD17E2100CCEB62 /* Info.plist */ = {isa = PBXFileReference; lastKnownFileType = text.plist.xml; path = Info.plist; sourceTree = "<group>"; };
		ED82F4F01BD17E2100CCEB62 /* Flappy SquareUITests.xctest */ = {isa = PBXFileReference; explicitFileType = wrapper.cfbundle; includeInIndex = 0; path = "Flappy SquareUITests.xctest"; sourceTree = BUILT_PRODUCTS_DIR; };
		ED82F4F41BD17E2100CCEB62 /* Flappy_SquareUITests.m */ = {isa = PBXFileReference; lastKnownFileType = sourcecode.c.objc; path = Flappy_SquareUITests.m; sourceTree = "<group>"; };
		ED82F4F61BD17E2100CCEB62 /* Info.plist */ = {isa = PBXFileReference; lastKnownFileType = text.plist.xml; path = Info.plist; sourceTree = "<group>"; };
		ED82F5021BD17F8500CCEB62 /* .gitignore */ = {isa = PBXFileReference; fileEncoding = 4; lastKnownFileType = text; path = .gitignore; sourceTree = "<group>"; };
		ED82F5041BD17FC000CCEB62 /* README.md */ = {isa = PBXFileReference; fileEncoding = 4; lastKnownFileType = net.daringfireball.markdown; path = README.md; sourceTree = "<group>"; };
/* End PBXFileReference section */

/* Begin PBXFrameworksBuildPhase section */
		ED82F4C41BD17E2100CCEB62 /* Frameworks */ = {
			isa = PBXFrameworksBuildPhase;
			buildActionMask = 2147483647;
			files = (
			);
			runOnlyForDeploymentPostprocessing = 0;
		};
		ED82F4E21BD17E2100CCEB62 /* Frameworks */ = {
			isa = PBXFrameworksBuildPhase;
			buildActionMask = 2147483647;
			files = (
			);
			runOnlyForDeploymentPostprocessing = 0;
		};
		ED82F4ED1BD17E2100CCEB62 /* Frameworks */ = {
			isa = PBXFrameworksBuildPhase;
			buildActionMask = 2147483647;
			files = (
			);
			runOnlyForDeploymentPostprocessing = 0;
		};
/* End PBXFrameworksBuildPhase section */

/* Begin PBXGroup section */
		ED82F4BE1BD17E2100CCEB62 = {
			isa = PBXGroup;
			children = (
				ED82F5041BD17FC000CCEB62 /* README.md */,
				ED82F5021BD17F8500CCEB62 /* .gitignore */,
				ED82F4C91BD17E2100CCEB62 /* Flappy Square */,
				ED82F4E81BD17E2100CCEB62 /* Flappy SquareTests */,
				ED82F4F31BD17E2100CCEB62 /* Flappy SquareUITests */,
				ED82F4C81BD17E2100CCEB62 /* Products */,
			);
			sourceTree = "<group>";
		};
		ED82F4C81BD17E2100CCEB62 /* Products */ = {
			isa = PBXGroup;
			children = (
				ED82F4C71BD17E2100CCEB62 /* Flappy Square.app */,
				ED82F4E51BD17E2100CCEB62 /* Flappy SquareTests.xctest */,
				ED82F4F01BD17E2100CCEB62 /* Flappy SquareUITests.xctest */,
			);
			name = Products;
			sourceTree = "<group>";
		};
		ED82F4C91BD17E2100CCEB62 /* Flappy Square */ = {
			isa = PBXGroup;
			children = (
				ED82F4CD1BD17E2100CCEB62 /* AppDelegate.h */,
				ED82F4CE1BD17E2100CCEB62 /* AppDelegate.m */,
				ED82F4D01BD17E2100CCEB62 /* GameScene.h */,
				ED82F4D11BD17E2100CCEB62 /* GameScene.m */,
				ED82F4D51BD17E2100CCEB62 /* GameViewController.h */,
				ED82F4D61BD17E2100CCEB62 /* GameViewController.m */,
				ED82F4D81BD17E2100CCEB62 /* Main.storyboard */,
				ED82F4DB1BD17E2100CCEB62 /* Assets.xcassets */,
				ED82F4DD1BD17E2100CCEB62 /* LaunchScreen.storyboard */,
				ED82F4E01BD17E2100CCEB62 /* Info.plist */,
				ED82F4CA1BD17E2100CCEB62 /* Supporting Files */,
			);
			path = "Flappy Square";
			sourceTree = "<group>";
		};
		ED82F4CA1BD17E2100CCEB62 /* Supporting Files */ = {
			isa = PBXGroup;
			children = (
				ED82F4CB1BD17E2100CCEB62 /* main.m */,
			);
			name = "Supporting Files";
			sourceTree = "<group>";
		};
		ED82F4E81BD17E2100CCEB62 /* Flappy SquareTests */ = {
			isa = PBXGroup;
			children = (
				ED82F4E91BD17E2100CCEB62 /* Flappy_SquareTests.m */,
				ED82F4EB1BD17E2100CCEB62 /* Info.plist */,
			);
			path = "Flappy SquareTests";
			sourceTree = "<group>";
		};
		ED82F4F31BD17E2100CCEB62 /* Flappy SquareUITests */ = {
			isa = PBXGroup;
			children = (
				ED82F4F41BD17E2100CCEB62 /* Flappy_SquareUITests.m */,
				ED82F4F61BD17E2100CCEB62 /* Info.plist */,
			);
			path = "Flappy SquareUITests";
			sourceTree = "<group>";
		};
/* End PBXGroup section */

/* Begin PBXNativeTarget section */
		ED82F4C61BD17E2100CCEB62 /* Flappy Square */ = {
			isa = PBXNativeTarget;
			buildConfigurationList = ED82F4F91BD17E2100CCEB62 /* Build configuration list for PBXNativeTarget "Flappy Square" */;
			buildPhases = (
				ED82F4C31BD17E2100CCEB62 /* Sources */,
				ED82F4C41BD17E2100CCEB62 /* Frameworks */,
				ED82F4C51BD17E2100CCEB62 /* Resources */,
			);
			buildRules = (
			);
			dependencies = (
			);
			name = "Flappy Square";
			productName = "Flappy Square";
			productReference = ED82F4C71BD17E2100CCEB62 /* Flappy Square.app */;
			productType = "com.apple.product-type.application";
		};
		ED82F4E41BD17E2100CCEB62 /* Flappy SquareTests */ = {
			isa = PBXNativeTarget;
			buildConfigurationList = ED82F4FC1BD17E2100CCEB62 /* Build configuration list for PBXNativeTarget "Flappy SquareTests" */;
			buildPhases = (
				ED82F4E11BD17E2100CCEB62 /* Sources */,
				ED82F4E21BD17E2100CCEB62 /* Frameworks */,
				ED82F4E31BD17E2100CCEB62 /* Resources */,
			);
			buildRules = (
			);
			dependencies = (
				ED82F4E71BD17E2100CCEB62 /* PBXTargetDependency */,
			);
			name = "Flappy SquareTests";
			productName = "Flappy SquareTests";
			productReference = ED82F4E51BD17E2100CCEB62 /* Flappy SquareTests.xctest */;
			productType = "com.apple.product-type.bundle.unit-test";
		};
		ED82F4EF1BD17E2100CCEB62 /* Flappy SquareUITests */ = {
			isa = PBXNativeTarget;
			buildConfigurationList = ED82F4FF1BD17E2100CCEB62 /* Build configuration list for PBXNativeTarget "Flappy SquareUITests" */;
			buildPhases = (
				ED82F4EC1BD17E2100CCEB62 /* Sources */,
				ED82F4ED1BD17E2100CCEB62 /* Frameworks */,
				ED82F4EE1BD17E2100CCEB62 /* Resources */,
			);
			buildRules = (
			);
			dependencies = (
				ED82F4F21BD17E2100CCEB62 /* PBXTargetDependency */,
			);
			name = "Flappy SquareUITests";
			productName = "Flappy SquareUITests";
			productReference = ED82F4F01BD17E2100CCEB62 /* Flappy SquareUITests.xctest */;
			productType = "com.apple.product-type.bundle.ui-testing";
		};
/* End PBXNativeTarget section */

/* Begin PBXProject section */
		ED82F4BF1BD17E2100CCEB62 /* Project object */ = {
			isa = PBXProject;
			attributes = {
				LastUpgradeCheck = 0700;
				ORGANIZATIONNAME = "Romain Fillaudeau";
				TargetAttributes = {
					ED82F4C61BD17E2100CCEB62 = {
						CreatedOnToolsVersion = 7.0.1;
						DevelopmentTeam = RF9BGB2EKT;
					};
					ED82F4E41BD17E2100CCEB62 = {
						CreatedOnToolsVersion = 7.0.1;
						DevelopmentTeam = RF9BGB2EKT;
						TestTargetID = ED82F4C61BD17E2100CCEB62;
					};
					ED82F4EF1BD17E2100CCEB62 = {
						CreatedOnToolsVersion = 7.0.1;
						DevelopmentTeam = RF9BGB2EKT;
						TestTargetID = ED82F4C61BD17E2100CCEB62;
					};
				};
			};
			buildConfigurationList = ED82F4C21BD17E2100CCEB62 /* Build configuration list for PBXProject "Flappy Square" */;
			compatibilityVersion = "Xcode 3.2";
			developmentRegion = English;
			hasScannedForEncodings = 0;
			knownRegions = (
				en,
				Base,
			);
			mainGroup = ED82F4BE1BD17E2100CCEB62;
			productRefGroup = ED82F4C81BD17E2100CCEB62 /* Products */;
			projectDirPath = "";
			projectRoot = "";
			targets = (
				ED82F4C61BD17E2100CCEB62 /* Flappy Square */,
				ED82F4E41BD17E2100CCEB62 /* Flappy SquareTests */,
				ED82F4EF1BD17E2100CCEB62 /* Flappy SquareUITests */,
			);
		};
/* End PBXProject section */

/* Begin PBXResourcesBuildPhase section */
		ED82F4C51BD17E2100CCEB62 /* Resources */ = {
			isa = PBXResourcesBuildPhase;
			buildActionMask = 2147483647;
			files = (
				ED82F5051BD17FC000CCEB62 /* README.md in Resources */,
				ED82F5031BD17F8500CCEB62 /* .gitignore in Resources */,
				ED82F4DF1BD17E2100CCEB62 /* LaunchScreen.storyboard in Resources */,
				ED82F4DC1BD17E2100CCEB62 /* Assets.xcassets in Resources */,
				ED82F4DA1BD17E2100CCEB62 /* Main.storyboard in Resources */,
			);
			runOnlyForDeploymentPostprocessing = 0;
		};
		ED82F4E31BD17E2100CCEB62 /* Resources */ = {
			isa = PBXResourcesBuildPhase;
			buildActionMask = 2147483647;
			files = (
			);
			runOnlyForDeploymentPostprocessing = 0;
		};
		ED82F4EE1BD17E2100CCEB62 /* Resources */ = {
			isa = PBXResourcesBuildPhase;
			buildActionMask = 2147483647;
			files = (
			);
			runOnlyForDeploymentPostprocessing = 0;
		};
/* End PBXResourcesBuildPhase section */

/* Begin PBXSourcesBuildPhase section */
		ED82F4C31BD17E2100CCEB62 /* Sources */ = {
			isa = PBXSourcesBuildPhase;
			buildActionMask = 2147483647;
			files = (
				ED82F4D71BD17E2100CCEB62 /* GameViewController.m in Sources */,
				ED82F4CF1BD17E2100CCEB62 /* AppDelegate.m in Sources */,
				ED82F4D21BD17E2100CCEB62 /* GameScene.m in Sources */,
				ED82F4CC1BD17E2100CCEB62 /* main.m in Sources */,
			);
			runOnlyForDeploymentPostprocessing = 0;
		};
		ED82F4E11BD17E2100CCEB62 /* Sources */ = {
			isa = PBXSourcesBuildPhase;
			buildActionMask = 2147483647;
			files = (
				ED82F4EA1BD17E2100CCEB62 /* Flappy_SquareTests.m in Sources */,
			);
			runOnlyForDeploymentPostprocessing = 0;
		};
		ED82F4EC1BD17E2100CCEB62 /* Sources */ = {
			isa = PBXSourcesBuildPhase;
			buildActionMask = 2147483647;
			files = (
				ED82F4F51BD17E2100CCEB62 /* Flappy_SquareUITests.m in Sources */,
			);
			runOnlyForDeploymentPostprocessing = 0;
		};
/* End PBXSourcesBuildPhase section */

/* Begin PBXTargetDependency section */
		ED82F4E71BD17E2100CCEB62 /* PBXTargetDependency */ = {
			isa = PBXTargetDependency;
			target = ED82F4C61BD17E2100CCEB62 /* Flappy Square */;
			targetProxy = ED82F4E61BD17E2100CCEB62 /* PBXContainerItemProxy */;
		};
		ED82F4F21BD17E2100CCEB62 /* PBXTargetDependency */ = {
			isa = PBXTargetDependency;
			target = ED82F4C61BD17E2100CCEB62 /* Flappy Square */;
			targetProxy = ED82F4F11BD17E2100CCEB62 /* PBXContainerItemProxy */;
		};
/* End PBXTargetDependency section */

/* Begin PBXVariantGroup section */
		ED82F4D81BD17E2100CCEB62 /* Main.storyboard */ = {
			isa = PBXVariantGroup;
			children = (
				ED82F4D91BD17E2100CCEB62 /* Base */,
			);
			name = Main.storyboard;
			sourceTree = "<group>";
		};
		ED82F4DD1BD17E2100CCEB62 /* LaunchScreen.storyboard */ = {
			isa = PBXVariantGroup;
			children = (
				ED82F4DE1BD17E2100CCEB62 /* Base */,
			);
			name = LaunchScreen.storyboard;
			sourceTree = "<group>";
		};
/* End PBXVariantGroup section */

/* Begin XCBuildConfiguration section */
		ED82F4F71BD17E2100CCEB62 /* Debug */ = {
			isa = XCBuildConfiguration;
			buildSettings = {
				ALWAYS_SEARCH_USER_PATHS = NO;
				CLANG_CXX_LANGUAGE_STANDARD = "gnu++0x";
				CLANG_CXX_LIBRARY = "libc++";
				CLANG_ENABLE_MODULES = YES;
				CLANG_ENABLE_OBJC_ARC = YES;
				CLANG_WARN_BOOL_CONVERSION = YES;
				CLANG_WARN_CONSTANT_CONVERSION = YES;
				CLANG_WARN_DIRECT_OBJC_ISA_USAGE = YES_ERROR;
				CLANG_WARN_EMPTY_BODY = YES;
				CLANG_WARN_ENUM_CONVERSION = YES;
				CLANG_WARN_INT_CONVERSION = YES;
				CLANG_WARN_OBJC_ROOT_CLASS = YES_ERROR;
				CLANG_WARN_UNREACHABLE_CODE = YES;
				CLANG_WARN__DUPLICATE_METHOD_MATCH = YES;
				"CODE_SIGN_IDENTITY[sdk=iphoneos*]" = "iPhone Developer";
				COPY_PHASE_STRIP = NO;
				DEBUG_INFORMATION_FORMAT = "dwarf-with-dsym";
				ENABLE_STRICT_OBJC_MSGSEND = YES;
				ENABLE_TESTABILITY = YES;
				GCC_C_LANGUAGE_STANDARD = gnu99;
				GCC_DYNAMIC_NO_PIC = NO;
				GCC_NO_COMMON_BLOCKS = YES;
				GCC_OPTIMIZATION_LEVEL = 0;
				GCC_PREPROCESSOR_DEFINITIONS = (
					"DEBUG=1",
					"$(inherited)",
				);
				GCC_WARN_64_TO_32_BIT_CONVERSION = YES;
				GCC_WARN_ABOUT_RETURN_TYPE = YES_ERROR;
				GCC_WARN_UNDECLARED_SELECTOR = YES;
				GCC_WARN_UNINITIALIZED_AUTOS = YES_AGGRESSIVE;
				GCC_WARN_UNUSED_FUNCTION = YES;
				GCC_WARN_UNUSED_VARIABLE = YES;
				IPHONEOS_DEPLOYMENT_TARGET = 9.0;
				MTL_ENABLE_DEBUG_INFO = YES;
				ONLY_ACTIVE_ARCH = YES;
				SDKROOT = iphoneos;
				TARGETED_DEVICE_FAMILY = "1,2";
			};
			name = Debug;
		};
		ED82F4F81BD17E2100CCEB62 /* Release */ = {
			isa = XCBuildConfiguration;
			buildSettings = {
				ALWAYS_SEARCH_USER_PATHS = NO;
				CLANG_CXX_LANGUAGE_STANDARD = "gnu++0x";
				CLANG_CXX_LIBRARY = "libc++";
				CLANG_ENABLE_MODULES = YES;
				CLANG_ENABLE_OBJC_ARC = YES;
				CLANG_WARN_BOOL_CONVERSION = YES;
				CLANG_WARN_CONSTANT_CONVERSION = YES;
				CLANG_WARN_DIRECT_OBJC_ISA_USAGE = YES_ERROR;
				CLANG_WARN_EMPTY_BODY = YES;
				CLANG_WARN_ENUM_CONVERSION = YES;
				CLANG_WARN_INT_CONVERSION = YES;
				CLANG_WARN_OBJC_ROOT_CLASS = YES_ERROR;
				CLANG_WARN_UNREACHABLE_CODE = YES;
				CLANG_WARN__DUPLICATE_METHOD_MATCH = YES;
				"CODE_SIGN_IDENTITY[sdk=iphoneos*]" = "iPhone Developer";
				COPY_PHASE_STRIP = NO;
				DEBUG_INFORMATION_FORMAT = "dwarf-with-dsym";
				ENABLE_NS_ASSERTIONS = NO;
				ENABLE_STRICT_OBJC_MSGSEND = YES;
				GCC_C_LANGUAGE_STANDARD = gnu99;
				GCC_NO_COMMON_BLOCKS = YES;
				GCC_WARN_64_TO_32_BIT_CONVERSION = YES;
				GCC_WARN_ABOUT_RETURN_TYPE = YES_ERROR;
				GCC_WARN_UNDECLARED_SELECTOR = YES;
				GCC_WARN_UNINITIALIZED_AUTOS = YES_AGGRESSIVE;
				GCC_WARN_UNUSED_FUNCTION = YES;
				GCC_WARN_UNUSED_VARIABLE = YES;
				IPHONEOS_DEPLOYMENT_TARGET = 9.0;
				MTL_ENABLE_DEBUG_INFO = NO;
				SDKROOT = iphoneos;
				TARGETED_DEVICE_FAMILY = "1,2";
				VALIDATE_PRODUCT = YES;
			};
			name = Release;
		};
		ED82F4FA1BD17E2100CCEB62 /* Debug */ = {
			isa = XCBuildConfiguration;
			buildSettings = {
				ASSETCATALOG_COMPILER_APPICON_NAME = AppIcon;
				INFOPLIST_FILE = "Flappy Square/Info.plist";
				LD_RUNPATH_SEARCH_PATHS = "$(inherited) @executable_path/Frameworks";
				PRODUCT_BUNDLE_IDENTIFIER = "com.test.Flappy-Square";
				PRODUCT_NAME = "$(TARGET_NAME)";
			};
			name = Debug;
		};
		ED82F4FB1BD17E2100CCEB62 /* Release */ = {
			isa = XCBuildConfiguration;
			buildSettings = {
				ASSETCATALOG_COMPILER_APPICON_NAME = AppIcon;
				INFOPLIST_FILE = "Flappy Square/Info.plist";
				LD_RUNPATH_SEARCH_PATHS = "$(inherited) @executable_path/Frameworks";
				PRODUCT_BUNDLE_IDENTIFIER = "com.test.Flappy-Square";
				PRODUCT_NAME = "$(TARGET_NAME)";
			};
			name = Release;
		};
		ED82F4FD1BD17E2100CCEB62 /* Debug */ = {
			isa = XCBuildConfiguration;
			buildSettings = {
				BUNDLE_LOADER = "$(TEST_HOST)";
				DEBUG_INFORMATION_FORMAT = dwarf;
				INFOPLIST_FILE = "Flappy SquareTests/Info.plist";
				LD_RUNPATH_SEARCH_PATHS = "$(inherited) @executable_path/Frameworks @loader_path/Frameworks";
				PRODUCT_BUNDLE_IDENTIFIER = "com.test.Flappy-SquareTests";
				PRODUCT_NAME = "$(TARGET_NAME)";
				TEST_HOST = "$(BUILT_PRODUCTS_DIR)/Flappy Square.app/Flappy Square";
			};
			name = Debug;
		};
		ED82F4FE1BD17E2100CCEB62 /* Release */ = {
			isa = XCBuildConfiguration;
			buildSettings = {
				BUNDLE_LOADER = "$(TEST_HOST)";
				INFOPLIST_FILE = "Flappy SquareTests/Info.plist";
				LD_RUNPATH_SEARCH_PATHS = "$(inherited) @executable_path/Frameworks @loader_path/Frameworks";
				PRODUCT_BUNDLE_IDENTIFIER = "com.test.Flappy-SquareTests";
				PRODUCT_NAME = "$(TARGET_NAME)";
				TEST_HOST = "$(BUILT_PRODUCTS_DIR)/Flappy Square.app/Flappy Square";
			};
			name = Release;
		};
		ED82F5001BD17E2100CCEB62 /* Debug */ = {
			isa = XCBuildConfiguration;
			buildSettings = {
				DEBUG_INFORMATION_FORMAT = dwarf;
				INFOPLIST_FILE = "Flappy SquareUITests/Info.plist";
				LD_RUNPATH_SEARCH_PATHS = "$(inherited) @executable_path/Frameworks @loader_path/Frameworks";
				PRODUCT_BUNDLE_IDENTIFIER = "com.test.Flappy-SquareUITests";
				PRODUCT_NAME = "$(TARGET_NAME)";
				TEST_TARGET_NAME = "Flappy Square";
				USES_XCTRUNNER = YES;
			};
			name = Debug;
		};
		ED82F5011BD17E2100CCEB62 /* Release */ = {
			isa = XCBuildConfiguration;
			buildSettings = {
				INFOPLIST_FILE = "Flappy SquareUITests/Info.plist";
				LD_RUNPATH_SEARCH_PATHS = "$(inherited) @executable_path/Frameworks @loader_path/Frameworks";
				PRODUCT_BUNDLE_IDENTIFIER = "com.test.Flappy-SquareUITests";
				PRODUCT_NAME = "$(TARGET_NAME)";
				TEST_TARGET_NAME = "Flappy Square";
				USES_XCTRUNNER = YES;
			};
			name = Release;
		};
/* End XCBuildConfiguration section */

/* Begin XCConfigurationList section */
		ED82F4C21BD17E2100CCEB62 /* Build configuration list for PBXProject "Flappy Square" */ = {
			isa = XCConfigurationList;
			buildConfigurations = (
				ED82F4F71BD17E2100CCEB62 /* Debug */,
				ED82F4F81BD17E2100CCEB62 /* Release */,
			);
			defaultConfigurationIsVisible = 0;
			defaultConfigurationName = Release;
		};
		ED82F4F91BD17E2100CCEB62 /* Build configuration list for PBXNativeTarget "Flappy Square" */ = {
			isa = XCConfigurationList;
			buildConfigurations = (
				ED82F4FA1BD17E2100CCEB62 /* Debug */,
				ED82F4FB1BD17E2100CCEB62 /* Release */,
			);
			defaultConfigurationIsVisible = 0;
			defaultConfigurationName = Release;
		};
		ED82F4FC1BD17E2100CCEB62 /* Build configuration list for PBXNativeTarget "Flappy SquareTests" */ = {
			isa = XCConfigurationList;
			buildConfigurations = (
				ED82F4FD1BD17E2100CCEB62 /* Debug */,
				ED82F4FE1BD17E2100CCEB62 /* Release */,
			);
			defaultConfigurationIsVisible = 0;
			defaultConfigurationName = Release;
		};
		ED82F4FF1BD17E2100CCEB62 /* Build configuration list for PBXNativeTarget "Flappy SquareUITests" */ = {
			isa = XCConfigurationList;
			buildConfigurations = (
				ED82F5001BD17E2100CCEB62 /* Debug */,
				ED82F5011BD17E2100CCEB62 /* Release */,
			);
			defaultConfigurationIsVisible = 0;
			defaultConfigurationName = Release;
		};
/* End XCConfigurationList section */
	};
	rootObject = ED82F4BF1BD17E2100CCEB62 /* Project object */;
}
